
Microsoft Visual Studio Solution File, Format Version 12.00
Project("{FAE04EC0-301F-11D3-BF4B-00C04F79EFBC}") = "DevQuestions.Domain", "src\DevQuestions.Domain\DevQuestions.Domain.csproj", "{BB72A865-85C7-43BE-9474-FAFFB6F48007}"
EndProject
Project("{2150E333-8FDC-42A3-9474-1A3956D46DE8}") = "src", "src", "{6610232B-92D4-45FE-8BDD-EEE9C81BFEB8}"
EndProject
Project("{FAE04EC0-301F-11D3-BF4B-00C04F79EFBC}") = "DevQuestions.Web", "src\DevQuestions.Web\DevQuestions.Web.csproj", "{3CE1F441-16F5-4AA8-820E-1A2061AC6E58}"
EndProject
Project("{FAE04EC0-301F-11D3-BF4B-00C04F79EFBC}") = "DevQuestions.Presenters", "src\DevQuestions.Presenters\DevQuestions.Presenters.csproj", "{595AEEDD-6A44-4911-A430-CEB5EADC041C}"
EndProject
Project("{FAE04EC0-301F-11D3-BF4B-00C04F79EFBC}") = "DevQuestions.Data", "src\DevQuestions.Data\DevQuestions.Data.csproj", "{464325BD-0AD8-42A0-BCAB-C2DBE00B02AD}"
EndProject
Global
	GlobalSection(SolutionConfigurationPlatforms) = preSolution
		Debug|Any CPU = Debug|Any CPU
		Release|Any CPU = Release|Any CPU
	EndGlobalSection
	GlobalSection(ProjectConfigurationPlatforms) = postSolution
		{BB72A865-85C7-43BE-9474-FAFFB6F48007}.Debug|Any CPU.ActiveCfg = Debug|Any CPU
		{BB72A865-85C7-43BE-9474-FAFFB6F48007}.Debug|Any CPU.Build.0 = Debug|Any CPU
		{BB72A865-85C7-43BE-9474-FAFFB6F48007}.Release|Any CPU.ActiveCfg = Release|Any CPU
		{BB72A865-85C7-43BE-9474-FAFFB6F48007}.Release|Any CPU.Build.0 = Release|Any CPU
		{3CE1F441-16F5-4AA8-820E-1A2061AC6E58}.Debug|Any CPU.ActiveCfg = Debug|Any CPU
		{3CE1F441-16F5-4AA8-820E-1A2061AC6E58}.Debug|Any CPU.Build.0 = Debug|Any CPU
		{3CE1F441-16F5-4AA8-820E-1A2061AC6E58}.Release|Any CPU.ActiveCfg = Release|Any CPU
		{3CE1F441-16F5-4AA8-820E-1A2061AC6E58}.Release|Any CPU.Build.0 = Release|Any CPU
		{595AEEDD-6A44-4911-A430-CEB5EADC041C}.Debug|Any CPU.ActiveCfg = Debug|Any CPU
		{595AEEDD-6A44-4911-A430-CEB5EADC041C}.Debug|Any CPU.Build.0 = Debug|Any CPU
		{595AEEDD-6A44-4911-A430-CEB5EADC041C}.Release|Any CPU.ActiveCfg = Release|Any CPU
		{595AEEDD-6A44-4911-A430-CEB5EADC041C}.Release|Any CPU.Build.0 = Release|Any CPU
		{464325BD-0AD8-42A0-BCAB-C2DBE00B02AD}.Debug|Any CPU.ActiveCfg = Debug|Any CPU
		{464325BD-0AD8-42A0-BCAB-C2DBE00B02AD}.Debug|Any CPU.Build.0 = Debug|Any CPU
		{464325BD-0AD8-42A0-BCAB-C2DBE00B02AD}.Release|Any CPU.ActiveCfg = Release|Any CPU
		{464325BD-0AD8-42A0-BCAB-C2DBE00B02AD}.Release|Any CPU.Build.0 = Release|Any CPU
	EndGlobalSection
	GlobalSection(NestedProjects) = preSolution
		{BB72A865-85C7-43BE-9474-FAFFB6F48007} = {6610232B-92D4-45FE-8BDD-EEE9C81BFEB8}
		{3CE1F441-16F5-4AA8-820E-1A2061AC6E58} = {6610232B-92D4-45FE-8BDD-EEE9C81BFEB8}
		{595AEEDD-6A44-4911-A430-CEB5EADC041C} = {6610232B-92D4-45FE-8BDD-EEE9C81BFEB8}
		{464325BD-0AD8-42A0-BCAB-C2DBE00B02AD} = {6610232B-92D4-45FE-8BDD-EEE9C81BFEB8}
	EndGlobalSection
EndGlobal
